// !$*UTF8*$!
{
	archiveVersion = 1;
	classes = {
	};
	objectVersion = 55;
	objects = {

/* Begin PBXBuildFile section */
		6ED2C09202A57614997663B9 /* Pods_MapKitDemo.framework in Frameworks */ = {isa = PBXBuildFile; fileRef = BE69790AB1448E8D91087BF4 /* Pods_MapKitDemo.framework */; };
		88AB710F28ACB53800357B8E /* AppDelegate.swift in Sources */ = {isa = PBXBuildFile; fileRef = 88AB710E28ACB53800357B8E /* AppDelegate.swift */; };
		88AB711128ACB53800357B8E /* SceneDelegate.swift in Sources */ = {isa = PBXBuildFile; fileRef = 88AB711028ACB53800357B8E /* SceneDelegate.swift */; };
		88AB711328ACB53800357B8E /* ViewController.swift in Sources */ = {isa = PBXBuildFile; fileRef = 88AB711228ACB53800357B8E /* ViewController.swift */; };
		88AB711628ACB53800357B8E /* Main.storyboard in Resources */ = {isa = PBXBuildFile; fileRef = 88AB711428ACB53800357B8E /* Main.storyboard */; };
		88AB711828ACB54100357B8E /* Assets.xcassets in Resources */ = {isa = PBXBuildFile; fileRef = 88AB711728ACB54100357B8E /* Assets.xcassets */; };
		88AB711B28ACB54100357B8E /* LaunchScreen.storyboard in Resources */ = {isa = PBXBuildFile; fileRef = 88AB711928ACB54100357B8E /* LaunchScreen.storyboard */; };
		88AB712328ACBF4300357B8E /* Ext.swift in Sources */ = {isa = PBXBuildFile; fileRef = 88AB712228ACBF4200357B8E /* Ext.swift */; };
		88AB712628ACC58900357B8E /* LocationManager.swift in Sources */ = {isa = PBXBuildFile; fileRef = 88AB712528ACC58900357B8E /* LocationManager.swift */; };
		88AB712828AD006800357B8E /* Utility.swift in Sources */ = {isa = PBXBuildFile; fileRef = 88AB712728AD006800357B8E /* Utility.swift */; };
/* End PBXBuildFile section */

/* Begin PBXFileReference section */
		1410C37320B5B855A60A08A9 /* Pods-MapKitDemo.debug.xcconfig */ = {isa = PBXFileReference; includeInIndex = 1; lastKnownFileType = text.xcconfig; name = "Pods-MapKitDemo.debug.xcconfig"; path = "Target Support Files/Pods-MapKitDemo/Pods-MapKitDemo.debug.xcconfig"; sourceTree = "<group>"; };
		88AB710B28ACB53800357B8E /* MapKitDemo.app */ = {isa = PBXFileReference; explicitFileType = wrapper.application; includeInIndex = 0; path = MapKitDemo.app; sourceTree = BUILT_PRODUCTS_DIR; };
		88AB710E28ACB53800357B8E /* AppDelegate.swift */ = {isa = PBXFileReference; lastKnownFileType = sourcecode.swift; path = AppDelegate.swift; sourceTree = "<group>"; };
		88AB711028ACB53800357B8E /* SceneDelegate.swift */ = {isa = PBXFileReference; lastKnownFileType = sourcecode.swift; path = SceneDelegate.swift; sourceTree = "<group>"; };
		88AB711228ACB53800357B8E /* ViewController.swift */ = {isa = PBXFileReference; lastKnownFileType = sourcecode.swift; path = ViewController.swift; sourceTree = "<group>"; };
		88AB711528ACB53800357B8E /* Base */ = {isa = PBXFileReference; lastKnownFileType = file.storyboard; name = Base; path = Base.lproj/Main.storyboard; sourceTree = "<group>"; };
		88AB711728ACB54100357B8E /* Assets.xcassets */ = {isa = PBXFileReference; lastKnownFileType = folder.assetcatalog; path = Assets.xcassets; sourceTree = "<group>"; };
		88AB711A28ACB54100357B8E /* Base */ = {isa = PBXFileReference; lastKnownFileType = file.storyboard; name = Base; path = Base.lproj/LaunchScreen.storyboard; sourceTree = "<group>"; };
		88AB711C28ACB54100357B8E /* Info.plist */ = {isa = PBXFileReference; lastKnownFileType = text.plist.xml; path = Info.plist; sourceTree = "<group>"; };
		88AB712228ACBF4200357B8E /* Ext.swift */ = {isa = PBXFileReference; lastKnownFileType = sourcecode.swift; path = Ext.swift; sourceTree = "<group>"; };
		88AB712528ACC58900357B8E /* LocationManager.swift */ = {isa = PBXFileReference; lastKnownFileType = sourcecode.swift; path = LocationManager.swift; sourceTree = "<group>"; };
		88AB712728AD006800357B8E /* Utility.swift */ = {isa = PBXFileReference; lastKnownFileType = sourcecode.swift; path = Utility.swift; sourceTree = "<group>"; };
		A32B68B9A9E9CC4D6A26CD4B /* Pods-MapKitDemo.release.xcconfig */ = {isa = PBXFileReference; includeInIndex = 1; lastKnownFileType = text.xcconfig; name = "Pods-MapKitDemo.release.xcconfig"; path = "Target Support Files/Pods-MapKitDemo/Pods-MapKitDemo.release.xcconfig"; sourceTree = "<group>"; };
		BE69790AB1448E8D91087BF4 /* Pods_MapKitDemo.framework */ = {isa = PBXFileReference; explicitFileType = wrapper.framework; includeInIndex = 0; path = Pods_MapKitDemo.framework; sourceTree = BUILT_PRODUCTS_DIR; };
/* End PBXFileReference section */

/* Begin PBXFrameworksBuildPhase section */
		88AB710828ACB53800357B8E /* Frameworks */ = {
			isa = PBXFrameworksBuildPhase;
			buildActionMask = 2147483647;
			files = (
				6ED2C09202A57614997663B9 /* Pods_MapKitDemo.framework in Frameworks */,
			);
			runOnlyForDeploymentPostprocessing = 0;
		};
/* End PBXFrameworksBuildPhase section */

/* Begin PBXGroup section */
		19C6D663EF5F824FBEACFB3C /* Frameworks */ = {
			isa = PBXGroup;
			children = (
				BE69790AB1448E8D91087BF4 /* Pods_MapKitDemo.framework */,
			);
			name = Frameworks;
			sourceTree = "<group>";
		};
		8836386F28B3A81000AEA511 /* Xib */ = {
			isa = PBXGroup;
			children = (
			);
			path = Xib;
			sourceTree = "<group>";
		};
		88AB710228ACB53800357B8E = {
			isa = PBXGroup;
			children = (
				88AB710D28ACB53800357B8E /* MapKitDemo */,
				88AB710C28ACB53800357B8E /* Products */,
				AFC81F6787FF701AF012A597 /* Pods */,
				19C6D663EF5F824FBEACFB3C /* Frameworks */,
			);
			sourceTree = "<group>";
		};
		88AB710C28ACB53800357B8E /* Products */ = {
			isa = PBXGroup;
			children = (
				88AB710B28ACB53800357B8E /* MapKitDemo.app */,
			);
			name = Products;
			sourceTree = "<group>";
		};
		88AB710D28ACB53800357B8E /* MapKitDemo */ = {
			isa = PBXGroup;
			children = (
				8836386F28B3A81000AEA511 /* Xib */,
				88AB712528ACC58900357B8E /* LocationManager.swift */,
				88AB710E28ACB53800357B8E /* AppDelegate.swift */,
				88AB711028ACB53800357B8E /* SceneDelegate.swift */,
				88AB711228ACB53800357B8E /* ViewController.swift */,
				88AB711428ACB53800357B8E /* Main.storyboard */,
				88AB711728ACB54100357B8E /* Assets.xcassets */,
				88AB711928ACB54100357B8E /* LaunchScreen.storyboard */,
				88AB711C28ACB54100357B8E /* Info.plist */,
				88AB712228ACBF4200357B8E /* Ext.swift */,
				88AB712728AD006800357B8E /* Utility.swift */,
			);
			path = MapKitDemo;
			sourceTree = "<group>";
		};
		AFC81F6787FF701AF012A597 /* Pods */ = {
			isa = PBXGroup;
			children = (
				1410C37320B5B855A60A08A9 /* Pods-MapKitDemo.debug.xcconfig */,
				A32B68B9A9E9CC4D6A26CD4B /* Pods-MapKitDemo.release.xcconfig */,
			);
			name = Pods;
			path = Pods;
			sourceTree = "<group>";
		};
/* End PBXGroup section */

/* Begin PBXNativeTarget section */
		88AB710A28ACB53800357B8E /* MapKitDemo */ = {
			isa = PBXNativeTarget;
			buildConfigurationList = 88AB711F28ACB54100357B8E /* Build configuration list for PBXNativeTarget "MapKitDemo" */;
			buildPhases = (
				D1B30B8BAC9CAF68A4B83FAD /* [CP] Check Pods Manifest.lock */,
				88AB710728ACB53800357B8E /* Sources */,
				88AB710828ACB53800357B8E /* Frameworks */,
				88AB710928ACB53800357B8E /* Resources */,
			);
			buildRules = (
			);
			dependencies = (
			);
			name = MapKitDemo;
			productName = MapKitDemo;
			productReference = 88AB710B28ACB53800357B8E /* MapKitDemo.app */;
			productType = "com.apple.product-type.application";
		};
/* End PBXNativeTarget section */

/* Begin PBXProject section */
		88AB710328ACB53800357B8E /* Project object */ = {
			isa = PBXProject;
			attributes = {
				BuildIndependentTargetsInParallel = 1;
				LastSwiftUpdateCheck = 1300;
				LastUpgradeCheck = 1300;
				TargetAttributes = {
					88AB710A28ACB53800357B8E = {
						CreatedOnToolsVersion = 13.0;
					};
				};
			};
			buildConfigurationList = 88AB710628ACB53800357B8E /* Build configuration list for PBXProject "MapKitDemo" */;
			compatibilityVersion = "Xcode 13.0";
			developmentRegion = en;
			hasScannedForEncodings = 0;
			knownRegions = (
				en,
				Base,
			);
			mainGroup = 88AB710228ACB53800357B8E;
			productRefGroup = 88AB710C28ACB53800357B8E /* Products */;
			projectDirPath = "";
			projectRoot = "";
			targets = (
				88AB710A28ACB53800357B8E /* MapKitDemo */,
			);
		};
/* End PBXProject section */

/* Begin PBXResourcesBuildPhase section */
		88AB710928ACB53800357B8E /* Resources */ = {
			isa = PBXResourcesBuildPhase;
			buildActionMask = 2147483647;
			files = (
				88AB711B28ACB54100357B8E /* LaunchScreen.storyboard in Resources */,
				88AB711828ACB54100357B8E /* Assets.xcassets in Resources */,
				88AB711628ACB53800357B8E /* Main.storyboard in Resources */,
			);
			runOnlyForDeploymentPostprocessing = 0;
		};
/* End PBXResourcesBuildPhase section */

/* Begin PBXShellScriptBuildPhase section */
		D1B30B8BAC9CAF68A4B83FAD /* [CP] Check Pods Manifest.lock */ = {
			isa = PBXShellScriptBuildPhase;
			buildActionMask = 2147483647;
			files = (
			);
			inputFileListPaths = (
			);
			inputPaths = (
				"${PODS_PODFILE_DIR_PATH}/Podfile.lock",
				"${PODS_ROOT}/Manifest.lock",
			);
			name = "[CP] Check Pods Manifest.lock";
			outputFileListPaths = (
			);
			outputPaths = (
				"$(DERIVED_FILE_DIR)/Pods-MapKitDemo-checkManifestLockResult.txt",
			);
			runOnlyForDeploymentPostprocessing = 0;
			shellPath = /bin/sh;
			shellScript = "diff \"${PODS_PODFILE_DIR_PATH}/Podfile.lock\" \"${PODS_ROOT}/Manifest.lock\" > /dev/null\nif [ $? != 0 ] ; then\n    # print error to STDERR\n    echo \"error: The sandbox is not in sync with the Podfile.lock. Run 'pod install' or update your CocoaPods installation.\" >&2\n    exit 1\nfi\n# This output is used by Xcode 'outputs' to avoid re-running this script phase.\necho \"SUCCESS\" > \"${SCRIPT_OUTPUT_FILE_0}\"\n";
			showEnvVarsInLog = 0;
		};
/* End PBXShellScriptBuildPhase section */

/* Begin PBXSourcesBuildPhase section */
		88AB710728ACB53800357B8E /* Sources */ = {
			isa = PBXSourcesBuildPhase;
			buildActionMask = 2147483647;
			files = (
				88AB711328ACB53800357B8E /* ViewController.swift in Sources */,
				88AB712328ACBF4300357B8E /* Ext.swift in Sources */,
				88AB712828AD006800357B8E /* Utility.swift in Sources */,
				88AB712628ACC58900357B8E /* LocationManager.swift in Sources */,
				88AB710F28ACB53800357B8E /* AppDelegate.swift in Sources */,
				88AB711128ACB53800357B8E /* SceneDelegate.swift in Sources */,
			);
			runOnlyForDeploymentPostprocessing = 0;
		};
/* End PBXSourcesBuildPhase section */

/* Begin PBXVariantGroup section */
		88AB711428ACB53800357B8E /* Main.storyboard */ = {
			isa = PBXVariantGroup;
			children = (
				88AB711528ACB53800357B8E /* Base */,
			);
			name = Main.storyboard;
			sourceTree = "<group>";
		};
		88AB711928ACB54100357B8E /* LaunchScreen.storyboard */ = {
			isa = PBXVariantGroup;
			children = (
				88AB711A28ACB54100357B8E /* Base */,
			);
			name = LaunchScreen.storyboard;
			sourceTree = "<group>";
		};
/* End PBXVariantGroup section */

/* Begin XCBuildConfiguration section */
		88AB711D28ACB54100357B8E /* Debug */ = {
			isa = XCBuildConfiguration;
			buildSettings = {
				ALWAYS_SEARCH_USER_PATHS = NO;
				CLANG_ANALYZER_NONNULL = YES;
				CLANG_ANALYZER_NUMBER_OBJECT_CONVERSION = YES_AGGRESSIVE;
				CLANG_CXX_LANGUAGE_STANDARD = "gnu++17";
				CLANG_CXX_LIBRARY = "libc++";
				CLANG_ENABLE_MODULES = YES;
				CLANG_ENABLE_OBJC_ARC = YES;
				CLANG_ENABLE_OBJC_WEAK = YES;
				CLANG_WARN_BLOCK_CAPTURE_AUTORELEASING = YES;
				CLANG_WARN_BOOL_CONVERSION = YES;
				CLANG_WARN_COMMA = YES;
				CLANG_WARN_CONSTANT_CONVERSION = YES;
				CLANG_WARN_DEPRECATED_OBJC_IMPLEMENTATIONS = YES;
				CLANG_WARN_DIRECT_OBJC_ISA_USAGE = YES_ERROR;
				CLANG_WARN_DOCUMENTATION_COMMENTS = YES;
				CLANG_WARN_EMPTY_BODY = YES;
				CLANG_WARN_ENUM_CONVERSION = YES;
				CLANG_WARN_INFINITE_RECURSION = YES;
				CLANG_WARN_INT_CONVERSION = YES;
				CLANG_WARN_NON_LITERAL_NULL_CONVERSION = YES;
				CLANG_WARN_OBJC_IMPLICIT_RETAIN_SELF = YES;
				CLANG_WARN_OBJC_LITERAL_CONVERSION = YES;
				CLANG_WARN_OBJC_ROOT_CLASS = YES_ERROR;
				CLANG_WARN_QUOTED_INCLUDE_IN_FRAMEWORK_HEADER = YES;
				CLANG_WARN_RANGE_LOOP_ANALYSIS = YES;
				CLANG_WARN_STRICT_PROTOTYPES = YES;
				CLANG_WARN_SUSPICIOUS_MOVE = YES;
				CLANG_WARN_UNGUARDED_AVAILABILITY = YES_AGGRESSIVE;
				CLANG_WARN_UNREACHABLE_CODE = YES;
				CLANG_WARN__DUPLICATE_METHOD_MATCH = YES;
				COPY_PHASE_STRIP = NO;
				DEBUG_INFORMATION_FORMAT = dwarf;
				ENABLE_STRICT_OBJC_MSGSEND = YES;
				ENABLE_TESTABILITY = YES;
				GCC_C_LANGUAGE_STANDARD = gnu11;
				GCC_DYNAMIC_NO_PIC = NO;
				GCC_NO_COMMON_BLOCKS = YES;
				GCC_OPTIMIZATION_LEVEL = 0;
				GCC_PREPROCESSOR_DEFINITIONS = (
					"DEBUG=1",
					"$(inherited)",
				);
				GCC_WARN_64_TO_32_BIT_CONVERSION = YES;
				GCC_WARN_ABOUT_RETURN_TYPE = YES_ERROR;
				GCC_WARN_UNDECLARED_SELECTOR = YES;
				GCC_WARN_UNINITIALIZED_AUTOS = YES_AGGRESSIVE;
				GCC_WARN_UNUSED_FUNCTION = YES;
				GCC_WARN_UNUSED_VARIABLE = YES;
				IPHONEOS_DEPLOYMENT_TARGET = 15.0;
				MTL_ENABLE_DEBUG_INFO = INCLUDE_SOURCE;
				MTL_FAST_MATH = YES;
				ONLY_ACTIVE_ARCH = YES;
				SDKROOT = iphoneos;
				SWIFT_ACTIVE_COMPILATION_CONDITIONS = DEBUG;
				SWIFT_OPTIMIZATION_LEVEL = "-Onone";
			};
			name = Debug;
		};
		88AB711E28ACB54100357B8E /* Release */ = {
			isa = XCBuildConfiguration;
			buildSettings = {
				ALWAYS_SEARCH_USER_PATHS = NO;
				CLANG_ANALYZER_NONNULL = YES;
				CLANG_ANALYZER_NUMBER_OBJECT_CONVERSION = YES_AGGRESSIVE;
				CLANG_CXX_LANGUAGE_STANDARD = "gnu++17";
				CLANG_CXX_LIBRARY = "libc++";
				CLANG_ENABLE_MODULES = YES;
				CLANG_ENABLE_OBJC_ARC = YES;
				CLANG_ENABLE_OBJC_WEAK = YES;
				CLANG_WARN_BLOCK_CAPTURE_AUTORELEASING = YES;
				CLANG_WARN_BOOL_CONVERSION = YES;
				CLANG_WARN_COMMA = YES;
				CLANG_WARN_CONSTANT_CONVERSION = YES;
				CLANG_WARN_DEPRECATED_OBJC_IMPLEMENTATIONS = YES;
				CLANG_WARN_DIRECT_OBJC_ISA_USAGE = YES_ERROR;
				CLANG_WARN_DOCUMENTATION_COMMENTS = YES;
				CLANG_WARN_EMPTY_BODY = YES;
				CLANG_WARN_ENUM_CONVERSION = YES;
				CLANG_WARN_INFINITE_RECURSION = YES;
				CLANG_WARN_INT_CONVERSION = YES;
				CLANG_WARN_NON_LITERAL_NULL_CONVERSION = YES;
				CLANG_WARN_OBJC_IMPLICIT_RETAIN_SELF = YES;
				CLANG_WARN_OBJC_LITERAL_CONVERSION = YES;
				CLANG_WARN_OBJC_ROOT_CLASS = YES_ERROR;
				CLANG_WARN_QUOTED_INCLUDE_IN_FRAMEWORK_HEADER = YES;
				CLANG_WARN_RANGE_LOOP_ANALYSIS = YES;
				CLANG_WARN_STRICT_PROTOTYPES = YES;
				CLANG_WARN_SUSPICIOUS_MOVE = YES;
				CLANG_WARN_UNGUARDED_AVAILABILITY = YES_AGGRESSIVE;
				CLANG_WARN_UNREACHABLE_CODE = YES;
				CLANG_WARN__DUPLICATE_METHOD_MATCH = YES;
				COPY_PHASE_STRIP = NO;
				DEBUG_INFORMATION_FORMAT = "dwarf-with-dsym";
				ENABLE_NS_ASSERTIONS = NO;
				ENABLE_STRICT_OBJC_MSGSEND = YES;
				GCC_C_LANGUAGE_STANDARD = gnu11;
				GCC_NO_COMMON_BLOCKS = YES;
				GCC_WARN_64_TO_32_BIT_CONVERSION = YES;
				GCC_WARN_ABOUT_RETURN_TYPE = YES_ERROR;
				GCC_WARN_UNDECLARED_SELECTOR = YES;
				GCC_WARN_UNINITIALIZED_AUTOS = YES_AGGRESSIVE;
				GCC_WARN_UNUSED_FUNCTION = YES;
				GCC_WARN_UNUSED_VARIABLE = YES;
				IPHONEOS_DEPLOYMENT_TARGET = 15.0;
				MTL_ENABLE_DEBUG_INFO = NO;
				MTL_FAST_MATH = YES;
				SDKROOT = iphoneos;
				SWIFT_COMPILATION_MODE = wholemodule;
				SWIFT_OPTIMIZATION_LEVEL = "-O";
				VALIDATE_PRODUCT = YES;
			};
			name = Release;
		};
		88AB712028ACB54100357B8E /* Debug */ = {
			isa = XCBuildConfiguration;
			baseConfigurationReference = 1410C37320B5B855A60A08A9 /* Pods-MapKitDemo.debug.xcconfig */;
			buildSettings = {
				ASSETCATALOG_COMPILER_APPICON_NAME = AppIcon;
				ASSETCATALOG_COMPILER_GLOBAL_ACCENT_COLOR_NAME = AccentColor;
				CODE_SIGN_STYLE = Automatic;
				CURRENT_PROJECT_VERSION = 1;
				GENERATE_INFOPLIST_FILE = YES;
				INFOPLIST_FILE = MapKitDemo/Info.plist;
				INFOPLIST_KEY_NSLocationAlwaysAndWhenInUseUsageDescription = "app need Location for map.";
				INFOPLIST_KEY_NSLocationUsageDescription = "app need Location for map.";
				INFOPLIST_KEY_NSLocationWhenInUseUsageDescription = "app need Location for map.";
				INFOPLIST_KEY_UIApplicationSupportsIndirectInputEvents = YES;
				INFOPLIST_KEY_UILaunchStoryboardName = LaunchScreen;
				INFOPLIST_KEY_UIMainStoryboardFile = Main;
				INFOPLIST_KEY_UISupportedInterfaceOrientations_iPad = "UIInterfaceOrientationPortrait UIInterfaceOrientationPortraitUpsideDown UIInterfaceOrientationLandscapeLeft UIInterfaceOrientationLandscapeRight";
				INFOPLIST_KEY_UISupportedInterfaceOrientations_iPhone = "UIInterfaceOrientationPortrait UIInterfaceOrientationLandscapeLeft UIInterfaceOrientationLandscapeRight";
				IPHONEOS_DEPLOYMENT_TARGET = 13.0;
				LD_RUNPATH_SEARCH_PATHS = (
					"$(inherited)",
					"@executable_path/Frameworks",
				);
				MARKETING_VERSION = 1.0;
				PRODUCT_BUNDLE_IDENTIFIER = com.carhometest.app.MapKitDemo;
				PRODUCT_NAME = "$(TARGET_NAME)";
				SWIFT_EMIT_LOC_STRINGS = YES;
				SWIFT_VERSION = 5.0;
				TARGETED_DEVICE_FAMILY = "1,2";
			};
			name = Debug;
		};
		88AB712128ACB54100357B8E /* Release */ = {
			isa = XCBuildConfiguration;
			baseConfigurationReference = A32B68B9A9E9CC4D6A26CD4B /* Pods-MapKitDemo.release.xcconfig */;
			buildSettings = {
				ASSETCATALOG_COMPILER_APPICON_NAME = AppIcon;
				ASSETCATALOG_COMPILER_GLOBAL_ACCENT_COLOR_NAME = AccentColor;
				CODE_SIGN_STYLE = Automatic;
				CURRENT_PROJECT_VERSION = 1;
				GENERATE_INFOPLIST_FILE = YES;
				INFOPLIST_FILE = MapKitDemo/Info.plist;
				INFOPLIST_KEY_NSLocationAlwaysAndWhenInUseUsageDescription = "app need Location for map.";
				INFOPLIST_KEY_NSLocationUsageDescription = "app need Location for map.";
				INFOPLIST_KEY_NSLocationWhenInUseUsageDescription = "app need Location for map.";
				INFOPLIST_KEY_UIApplicationSupportsIndirectInputEvents = YES;
				INFOPLIST_KEY_UILaunchStoryboardName = LaunchScreen;
				INFOPLIST_KEY_UIMainStoryboardFile = Main;
				INFOPLIST_KEY_UISupportedInterfaceOrientations_iPad = "UIInterfaceOrientationPortrait UIInterfaceOrientationPortraitUpsideDown UIInterfaceOrientationLandscapeLeft UIInterfaceOrientationLandscapeRight";
				INFOPLIST_KEY_UISupportedInterfaceOrientations_iPhone = "UIInterfaceOrientationPortrait UIInterfaceOrientationLandscapeLeft UIInterfaceOrientationLandscapeRight";
				IPHONEOS_DEPLOYMENT_TARGET = 13.0;
				LD_RUNPATH_SEARCH_PATHS = (
					"$(inherited)",
					"@executable_path/Frameworks",
				);
				MARKETING_VERSION = 1.0;
				PRODUCT_BUNDLE_IDENTIFIER = com.carhometest.app.MapKitDemo;
				PRODUCT_NAME = "$(TARGET_NAME)";
				SWIFT_EMIT_LOC_STRINGS = YES;
				SWIFT_VERSION = 5.0;
				TARGETED_DEVICE_FAMILY = "1,2";
			};
			name = Release;
		};
/* End XCBuildConfiguration section */

/* Begin XCConfigurationList section */
		88AB710628ACB53800357B8E /* Build configuration list for PBXProject "MapKitDemo" */ = {
			isa = XCConfigurationList;
			buildConfigurations = (
				88AB711D28ACB54100357B8E /* Debug */,
				88AB711E28ACB54100357B8E /* Release */,
			);
			defaultConfigurationIsVisible = 0;
			defaultConfigurationName = Release;
		};
		88AB711F28ACB54100357B8E /* Build configuration list for PBXNativeTarget "MapKitDemo" */ = {
			isa = XCConfigurationList;
			buildConfigurations = (
				88AB712028ACB54100357B8E /* Debug */,
				88AB712128ACB54100357B8E /* Release */,
			);
			defaultConfigurationIsVisible = 0;
			defaultConfigurationName = Release;
		};
/* End XCConfigurationList section */
	};
	rootObject = 88AB710328ACB53800357B8E /* Project object */;
}
